
Microsoft Visual Studio Solution File, Format Version 12.00
Project("{2150E333-8FDC-42A3-9474-1A3956D46DE8}") = "src", "src", "{10208CDF-429E-4E53-8662-D64D75506917}"
EndProject
Project("{2150E333-8FDC-42A3-9474-1A3956D46DE8}") = "tests", "tests", "{78368607-CD49-4252-85C2-36B19397F3D4}"
EndProject
Project("{2150E333-8FDC-42A3-9474-1A3956D46DE8}") = "API", "API", "{5C8CB6AD-5051-457D-9E8F-54B8FDF3527F}"
EndProject
Project("{2150E333-8FDC-42A3-9474-1A3956D46DE8}") = "Core", "Core", "{9DF8F779-B55D-4BFC-B561-8FED2BD598AE}"
EndProject
Project("{2150E333-8FDC-42A3-9474-1A3956D46DE8}") = "Infrastructure", "Infrastructure", "{7B5DA2AB-F04B-40B4-A93F-1874A913EDB3}"
EndProject
Project("{FAE04EC0-301F-11D3-BF4B-00C04F79EFBC}") = "Api", "Api\Api.csproj", "{685EAF5C-39CC-49F8-B2A2-F1E6CB6619A7}"
EndProject
Global
	GlobalSection(SolutionConfigurationPlatforms) = preSolution
		Debug|Any CPU = Debug|Any CPU
		Release|Any CPU = Release|Any CPU
	EndGlobalSection
	GlobalSection(ProjectConfigurationPlatforms) = postSolution
		{685EAF5C-39CC-49F8-B2A2-F1E6CB6619A7}.Debug|Any CPU.ActiveCfg = Debug|Any CPU
		{685EAF5C-39CC-49F8-B2A2-F1E6CB6619A7}.Debug|Any CPU.Build.0 = Debug|Any CPU
		{685EAF5C-39CC-49F8-B2A2-F1E6CB6619A7}.Release|Any CPU.ActiveCfg = Release|Any CPU
		{685EAF5C-39CC-49F8-B2A2-F1E6CB6619A7}.Release|Any CPU.Build.0 = Release|Any CPU
	EndGlobalSection
	GlobalSection(NestedProjects) = preSolution
		{5C8CB6AD-5051-457D-9E8F-54B8FDF3527F} = {10208CDF-429E-4E53-8662-D64D75506917}
		{9DF8F779-B55D-4BFC-B561-8FED2BD598AE} = {10208CDF-429E-4E53-8662-D64D75506917}
		{7B5DA2AB-F04B-40B4-A93F-1874A913EDB3} = {10208CDF-429E-4E53-8662-D64D75506917}
		{685EAF5C-39CC-49F8-B2A2-F1E6CB6619A7} = {5C8CB6AD-5051-457D-9E8F-54B8FDF3527F}
	EndGlobalSection
EndGlobal
