
Microsoft Visual Studio Solution File, Format Version 12.00
Project("{FAE04EC0-301F-11D3-BF4B-00C04F79EFBC}") = "Domain", "Domain\Domain.csproj", "{47A8344C-8951-4BEC-925F-011CC2D2D315}"
EndProject
Project("{FAE04EC0-301F-11D3-BF4B-00C04F79EFBC}") = "Program", "Program\Program.csproj", "{66B28759-03DE-4570-B9CF-BE579C832179}"
EndProject
Global
	GlobalSection(SolutionConfigurationPlatforms) = preSolution
		Debug|Any CPU = Debug|Any CPU
		Release|Any CPU = Release|Any CPU
	EndGlobalSection
	GlobalSection(ProjectConfigurationPlatforms) = postSolution
		{47A8344C-8951-4BEC-925F-011CC2D2D315}.Debug|Any CPU.ActiveCfg = Debug|Any CPU
		{47A8344C-8951-4BEC-925F-011CC2D2D315}.Debug|Any CPU.Build.0 = Debug|Any CPU
		{47A8344C-8951-4BEC-925F-011CC2D2D315}.Release|Any CPU.ActiveCfg = Release|Any CPU
		{47A8344C-8951-4BEC-925F-011CC2D2D315}.Release|Any CPU.Build.0 = Release|Any CPU
		{66B28759-03DE-4570-B9CF-BE579C832179}.Debug|Any CPU.ActiveCfg = Debug|Any CPU
		{66B28759-03DE-4570-B9CF-BE579C832179}.Debug|Any CPU.Build.0 = Debug|Any CPU
		{66B28759-03DE-4570-B9CF-BE579C832179}.Release|Any CPU.ActiveCfg = Release|Any CPU
		{66B28759-03DE-4570-B9CF-BE579C832179}.Release|Any CPU.Build.0 = Release|Any CPU
	EndGlobalSection
EndGlobal
